{
    "_readme": [
        "This file locks the dependencies of your project to a known state",
        "Read more about it at http://getcomposer.org/doc/01-basic-usage.md#composer-lock-the-lock-file",
        "This file is @generated automatically"
    ],
    "hash": "389ec97f8e86cd0a3bd22f8bfd19b69e",
    "packages": [
        {
            "name": "pear2/console_commandline",
            "version": "dev-master",
            "source": {
                "type": "git",
                "url": "https://github.com/pear2/Console_CommandLine.git",
                "reference": "4a356864f88cdac79bcb656e54d0563c2fc7997d"
            },
            "dist": {
                "type": "zip",
                "url": "https://api.github.com/repos/pear2/Console_CommandLine/zipball/4a356864f88cdac79bcb656e54d0563c2fc7997d",
                "reference": "4a356864f88cdac79bcb656e54d0563c2fc7997d",
                "shasum": ""
            },
            "require": {
                "php": ">=5.3.0"
            },
            "type": "library",
            "autoload": {
                "psr-0": {
                    "PEAR2\\Console\\CommandLine": "src/"
                }
            },
            "notification-url": "https://packagist.org/downloads/",
            "license": [
                "MIT"
            ],
            "authors": [
                {
                    "name": "Vasil Rangelov",
                    "email": "boen.robot@gmail.com",
                    "role": "helper"
                },
                {
                    "name": "David Jean Louis",
                    "email": "izi@php.net",
                    "role": "Lead"
                },
                {
                    "name": "Brett Bieber",
                    "email": "saltybeagle@php.net",
                    "role": "helper"
                }
            ],
            "description": "Full featured package for managing command-line applications.",
            "homepage": "http://pear2.php.net/PEAR2_Console_CommandLine",
            "keywords": [
                "arguments",
                "cli",
                "commandline",
                "console",
                "parser",
                "pear2"
            ],
            "time": "2014-06-22 20:29:54"
        },
        {
            "name": "pear2/net_routeros",
            "version": "dev-master",
            "source": {
                "type": "git",
                "url": "https://github.com/pear2/Net_RouterOS.git",
                "reference": "db24b8c4cd63d593dc8387987a954926d96cafb8"
            },
            "dist": {
                "type": "zip",
                "url": "https://api.github.com/repos/pear2/Net_RouterOS/zipball/db24b8c4cd63d593dc8387987a954926d96cafb8",
                "reference": "db24b8c4cd63d593dc8387987a954926d96cafb8",
                "shasum": ""
            },
            "require": {
                "pear2/net_transmitter": ">=1.0.0a5",
                "php": ">=5.3.0"
            },
            "require-dev": {
                "pear2/cache_shm": "dev-develop",
                "pear2/console_color": "dev-develop",
                "pear2/console_commandline": "dev-master",
                "phpunit/phpunit": "@stable",
                "squizlabs/php_codesniffer": "@stable"
            },
            "suggest": {
                "ext-apc": "This or Wincache is required for persistent connections.",
                "ext-openssl": "Enables encrypted connections.",
                "ext-wincache": "This or APC is required for persistent connections. Reccomended instead of APC on Windows.",
                "pear2/cache_shm": "Enables persistent connections.",
                "pear2/console_color": "Enables colors in the console",
                "pear2/console_commandline": "Enables the console"
            },
            "bin": [
                "scripts/roscon.php"
            ],
            "type": "library",
            "autoload": {
                "psr-0": {
                    "PEAR2\\Net\\RouterOS\\": "src/",
                    "PEAR2\\Net\\Transmitter\\": "vendor/pear2/net_transmitter/src/",
                    "PEAR2\\Cache\\SHM": "vendor/pear2/cache_shm/src/",
                    "PEAR2\\Console\\Color": "vendor/pear2/console_color/src/"
                }
            },
            "notification-url": "https://packagist.org/downloads/",
            "license": [
                "LGPL-2.1"
            ],
            "authors": [
                {
                    "name": "Vasil Rangelov",
                    "email": "boen.robot@gmail.com",
                    "role": "lead"
                }
            ],
            "description": "This package allows you to read and write information from a RouterOS host using MikroTik's RouterOS API.",
            "homepage": "http://pear2.github.com/Net_RouterOS/",
            "keywords": [
                "api",
                "mikrotik",
                "package",
                "pear2",
                "router",
                "routeros"
            ],
            "time": "2014-11-04 12:52:46"
        },
        {
            "name": "pear2/net_transmitter",
            "version": "dev-master",
            "source": {
                "type": "git",
                "url": "https://github.com/pear2/Net_Transmitter.git",
                "reference": "ac4d5fe6b7fd1a25f9a45c4454a8e85462837370"
            },
            "dist": {
                "type": "zip",
                "url": "https://api.github.com/repos/pear2/Net_Transmitter/zipball/ac4d5fe6b7fd1a25f9a45c4454a8e85462837370",
                "reference": "ac4d5fe6b7fd1a25f9a45c4454a8e85462837370",
                "shasum": ""
            },
            "require": {
                "php": ">=5.3.0"
            },
            "require-dev": {
                "pear2/cache_shm": "dev-develop",
                "phpunit/phpunit": "@stable"
            },
            "suggest": {
                "ext-apc": ">=3.0.13",
                "ext-openssl": "*",
                "ext-wincache": ">=1.1.0",
                "pear2/cache_shm": ">=0.1.3"
            },
            "type": "library",
            "autoload": {
                "psr-0": {
                    "PEAR2\\Net\\Transmitter\\": "src/"
                }
            },
            "notification-url": "https://packagist.org/downloads/",
            "license": [
                "LGPL-2.1"
            ],
            "authors": [
                {
                    "name": "Vasil Rangelov",
                    "email": "boen.robot@gmail.com",
                    "role": "lead"
                }
            ],
            "description": "A stream wrapper that ensures data integrity. Particularly useful for sockets.",
            "homepage": "http://pear2.github.com/Net_Transmitter/",
            "keywords": [
                "Socket",
                "integrity",
                "network",
                "networking",
                "package",
                "pear2",
                "sockets"
            ],
            "time": "2014-11-02 05:04:39"
        },
        {
            "name": "swiftmailer/swiftmailer",
            "version": "dev-master",
            "source": {
                "type": "git",
                "url": "https://github.com/swiftmailer/swiftmailer.git",
                "reference": "048be6f7c19944d604e321347990543bc2bbe10b"
            },
            "dist": {
                "type": "zip",
                "url": "https://api.github.com/repos/swiftmailer/swiftmailer/zipball/048be6f7c19944d604e321347990543bc2bbe10b",
                "reference": "048be6f7c19944d604e321347990543bc2bbe10b",
                "shasum": ""
            },
            "require": {
                "php": ">=5.3.3"
            },
            "require-dev": {
                "mockery/mockery": "~0.9.1"
            },
            "type": "library",
            "extra": {
                "branch-alias": {
                    "dev-master": "5.4-dev"
                }
            },
            "autoload": {
                "files": [
                    "lib/swift_required.php"
                ]
            },
            "notification-url": "https://packagist.org/downloads/",
            "license": [
                "MIT"
            ],
            "authors": [
                {
                    "name": "Chris Corbyn"
                },
                {
                    "name": "Fabien Potencier",
                    "email": "fabien@symfony.com"
                }
            ],
            "description": "Swiftmailer, free feature-rich PHP mailer",
            "homepage": "http://swiftmailer.org",
            "keywords": [
                "mail",
                "mailer"
            ],
            "time": "2015-03-14 06:07:26"
        },
        {
            "name": "symfony/yaml",
            "version": "2.7.x-dev",
            "target-dir": "Symfony/Component/Yaml",
            "source": {
                "type": "git",
                "url": "https://github.com/symfony/Yaml.git",
                "reference": "6411b65c8bb376e35eae6a2ec023b3e8da3ea44c"
            },
            "dist": {
                "type": "zip",
                "url": "https://api.github.com/repos/symfony/Yaml/zipball/6411b65c8bb376e35eae6a2ec023b3e8da3ea44c",
                "reference": "6411b65c8bb376e35eae6a2ec023b3e8da3ea44c",
                "shasum": ""
            },
            "require": {
                "php": ">=5.3.9"
            },
            "require-dev": {
                "symfony/phpunit-bridge": "~2.7|~3.0.0"
            },
            "type": "library",
            "extra": {
                "branch-alias": {
                    "dev-master": "2.7-dev"
                }
            },
            "autoload": {
                "psr-0": {
                    "Symfony\\Component\\Yaml\\": ""
                }
            },
            "notification-url": "https://packagist.org/downloads/",
            "license": [
                "MIT"
            ],
            "authors": [
                {
                    "name": "Symfony Community",
                    "homepage": "http://symfony.com/contributors"
                },
                {
                    "name": "Fabien Potencier",
                    "email": "fabien@symfony.com"
                }
            ],
            "description": "Symfony Yaml Component",
            "homepage": "http://symfony.com",
            "time": "2015-03-13 17:50:01"
        }
    ],
    "packages-dev": [],
    "aliases": [],
    "minimum-stability": "dev",
    "stability-flags": {
        "pear2/net_routeros": 20,
        "pear2/console_commandline": 20
    },
    "prefer-stable": false,
    "prefer-lowest": false,
    "platform": [],
    "platform-dev": []
}
